// !$*UTF8*$!
{
	archiveVersion = 1;
	classes = {
	};
	objectVersion = 46;
	objects = {

/* Begin PBXBuildFile section */
		AA44617F1D19891000900F9D /* main.m in Sources */ = {isa = PBXBuildFile; fileRef = AA44617E1D19891000900F9D /* main.m */; };
		AA4461821D19891000900F9D /* AppDelegate.m in Sources */ = {isa = PBXBuildFile; fileRef = AA4461811D19891000900F9D /* AppDelegate.m */; };
		AA4461851D19891000900F9D /* FirstViewController.m in Sources */ = {isa = PBXBuildFile; fileRef = AA4461841D19891000900F9D /* FirstViewController.m */; };
		AA44618A1D19891000900F9D /* Assets.xcassets in Resources */ = {isa = PBXBuildFile; fileRef = AA4461891D19891000900F9D /* Assets.xcassets */; };
		AA44618D1D19891000900F9D /* LaunchScreen.storyboard in Resources */ = {isa = PBXBuildFile; fileRef = AA44618B1D19891000900F9D /* LaunchScreen.storyboard */; };
		AA4461971D198B2000900F9D /* erica.html in Resources */ = {isa = PBXBuildFile; fileRef = AA4461961D198B2000900F9D /* erica.html */; };
		AA44619B1D19905700900F9D /* style.css in Resources */ = {isa = PBXBuildFile; fileRef = AA44619A1D19905700900F9D /* style.css */; };
		AA44619D1D19A60D00900F9D /* alert.js in Resources */ = {isa = PBXBuildFile; fileRef = AA44619C1D19A60D00900F9D /* alert.js */; };
		AA44619F1D19B06B00900F9D /* Main.storyboard in Resources */ = {isa = PBXBuildFile; fileRef = AA44619E1D19B06B00900F9D /* Main.storyboard */; };
		AA4461A21D19B0FB00900F9D /* SecondViewController.m in Sources */ = {isa = PBXBuildFile; fileRef = AA4461A11D19B0FB00900F9D /* SecondViewController.m */; };
/* End PBXBuildFile section */

/* Begin PBXFileReference section */
		AA44617A1D19891000900F9D /* WebViewProject.app */ = {isa = PBXFileReference; explicitFileType = wrapper.application; includeInIndex = 0; path = WebViewProject.app; sourceTree = BUILT_PRODUCTS_DIR; };
		AA44617E1D19891000900F9D /* main.m */ = {isa = PBXFileReference; lastKnownFileType = sourcecode.c.objc; path = main.m; sourceTree = "<group>"; };
		AA4461801D19891000900F9D /* AppDelegate.h */ = {isa = PBXFileReference; lastKnownFileType = sourcecode.c.h; path = AppDelegate.h; sourceTree = "<group>"; };
		AA4461811D19891000900F9D /* AppDelegate.m */ = {isa = PBXFileReference; lastKnownFileType = sourcecode.c.objc; path = AppDelegate.m; sourceTree = "<group>"; };
		AA4461831D19891000900F9D /* FirstViewController.h */ = {isa = PBXFileReference; lastKnownFileType = sourcecode.c.h; path = FirstViewController.h; sourceTree = "<group>"; };
		AA4461841D19891000900F9D /* FirstViewController.m */ = {isa = PBXFileReference; lastKnownFileType = sourcecode.c.objc; path = FirstViewController.m; sourceTree = "<group>"; };
		AA4461891D19891000900F9D /* Assets.xcassets */ = {isa = PBXFileReference; lastKnownFileType = folder.assetcatalog; path = Assets.xcassets; sourceTree = "<group>"; };
		AA44618C1D19891000900F9D /* Base */ = {isa = PBXFileReference; lastKnownFileType = file.storyboard; name = Base; path = Base.lproj/LaunchScreen.storyboard; sourceTree = "<group>"; };
		AA44618E1D19891000900F9D /* Info.plist */ = {isa = PBXFileReference; lastKnownFileType = text.plist.xml; path = Info.plist; sourceTree = "<group>"; };
		AA4461961D198B2000900F9D /* erica.html */ = {isa = PBXFileReference; fileEncoding = 4; lastKnownFileType = text.html; name = erica.html; path = ../erica.html; sourceTree = "<group>"; };
		AA44619A1D19905700900F9D /* style.css */ = {isa = PBXFileReference; fileEncoding = 4; lastKnownFileType = text.css; path = style.css; sourceTree = "<group>"; };
		AA44619C1D19A60D00900F9D /* alert.js */ = {isa = PBXFileReference; fileEncoding = 4; lastKnownFileType = sourcecode.javascript; path = alert.js; sourceTree = "<group>"; };
		AA44619E1D19B06B00900F9D /* Main.storyboard */ = {isa = PBXFileReference; fileEncoding = 4; lastKnownFileType = file.storyboard; path = Main.storyboard; sourceTree = "<group>"; };
		AA4461A01D19B0FB00900F9D /* SecondViewController.h */ = {isa = PBXFileReference; fileEncoding = 4; lastKnownFileType = sourcecode.c.h; path = SecondViewController.h; sourceTree = "<group>"; };
		AA4461A11D19B0FB00900F9D /* SecondViewController.m */ = {isa = PBXFileReference; fileEncoding = 4; lastKnownFileType = sourcecode.c.objc; path = SecondViewController.m; sourceTree = "<group>"; };
/* End PBXFileReference section */

/* Begin PBXFrameworksBuildPhase section */
		AA4461771D19891000900F9D /* Frameworks */ = {
			isa = PBXFrameworksBuildPhase;
			buildActionMask = 2147483647;
			files = (
			);
			runOnlyForDeploymentPostprocessing = 0;
		};
/* End PBXFrameworksBuildPhase section */

/* Begin PBXGroup section */
		AA4461711D19891000900F9D = {
			isa = PBXGroup;
			children = (
				AA44617C1D19891000900F9D /* WebViewProject */,
				AA44617B1D19891000900F9D /* Products */,
			);
			sourceTree = "<group>";
		};
		AA44617B1D19891000900F9D /* Products */ = {
			isa = PBXGroup;
			children = (
				AA44617A1D19891000900F9D /* WebViewProject.app */,
			);
			name = Products;
			sourceTree = "<group>";
		};
		AA44617C1D19891000900F9D /* WebViewProject */ = {
			isa = PBXGroup;
			children = (
				AA4461801D19891000900F9D /* AppDelegate.h */,
				AA4461811D19891000900F9D /* AppDelegate.m */,
				AA4461831D19891000900F9D /* FirstViewController.h */,
				AA4461841D19891000900F9D /* FirstViewController.m */,
				AA4461A01D19B0FB00900F9D /* SecondViewController.h */,
				AA4461A11D19B0FB00900F9D /* SecondViewController.m */,
				AA44617D1D19891000900F9D /* Supporting Files */,
			);
			path = WebViewProject;
			sourceTree = "<group>";
		};
		AA44617D1D19891000900F9D /* Supporting Files */ = {
			isa = PBXGroup;
			children = (
				AA4461961D198B2000900F9D /* erica.html */,
				AA44619A1D19905700900F9D /* style.css */,
				AA44619C1D19A60D00900F9D /* alert.js */,
				AA4461891D19891000900F9D /* Assets.xcassets */,
				AA44619E1D19B06B00900F9D /* Main.storyboard */,
				AA44618E1D19891000900F9D /* Info.plist */,
				AA44618B1D19891000900F9D /* LaunchScreen.storyboard */,
				AA44617E1D19891000900F9D /* main.m */,
			);
			name = "Supporting Files";
			sourceTree = "<group>";
		};
/* End PBXGroup section */

/* Begin PBXNativeTarget section */
		AA4461791D19891000900F9D /* WebViewProject */ = {
			isa = PBXNativeTarget;
			buildConfigurationList = AA4461911D19891000900F9D /* Build configuration list for PBXNativeTarget "WebViewProject" */;
			buildPhases = (
				AA4461761D19891000900F9D /* Sources */,
				AA4461771D19891000900F9D /* Frameworks */,
				AA4461781D19891000900F9D /* Resources */,
			);
			buildRules = (
			);
			dependencies = (
			);
			name = WebViewProject;
			productName = WebViewProject;
			productReference = AA44617A1D19891000900F9D /* WebViewProject.app */;
			productType = "com.apple.product-type.application";
		};
/* End PBXNativeTarget section */

/* Begin PBXProject section */
		AA4461721D19891000900F9D /* Project object */ = {
			isa = PBXProject;
			attributes = {
				LastUpgradeCheck = 0730;
				ORGANIZATIONNAME = TurnToTech;
				TargetAttributes = {
					AA4461791D19891000900F9D = {
						CreatedOnToolsVersion = 7.3.1;
					};
				};
			};
			buildConfigurationList = AA4461751D19891000900F9D /* Build configuration list for PBXProject "WebViewProject" */;
			compatibilityVersion = "Xcode 3.2";
			developmentRegion = English;
			hasScannedForEncodings = 0;
			knownRegions = (
				en,
				Base,
			);
			mainGroup = AA4461711D19891000900F9D;
			productRefGroup = AA44617B1D19891000900F9D /* Products */;
			projectDirPath = "";
			projectRoot = "";
			targets = (
				AA4461791D19891000900F9D /* WebViewProject */,
			);
		};
/* End PBXProject section */

/* Begin PBXResourcesBuildPhase section */
		AA4461781D19891000900F9D /* Resources */ = {
			isa = PBXResourcesBuildPhase;
			buildActionMask = 2147483647;
			files = (
				AA44618D1D19891000900F9D /* LaunchScreen.storyboard in Resources */,
				AA4461971D198B2000900F9D /* erica.html in Resources */,
				AA44619B1D19905700900F9D /* style.css in Resources */,
				AA44619F1D19B06B00900F9D /* Main.storyboard in Resources */,
				AA44618A1D19891000900F9D /* Assets.xcassets in Resources */,
				AA44619D1D19A60D00900F9D /* alert.js in Resources */,
			);
			runOnlyForDeploymentPostprocessing = 0;
		};
/* End PBXResourcesBuildPhase section */

/* Begin PBXSourcesBuildPhase section */
		AA4461761D19891000900F9D /* Sources */ = {
			isa = PBXSourcesBuildPhase;
			buildActionMask = 2147483647;
			files = (
				AA4461A21D19B0FB00900F9D /* SecondViewController.m in Sources */,
				AA4461851D19891000900F9D /* FirstViewController.m in Sources */,
				AA4461821D19891000900F9D /* AppDelegate.m in Sources */,
				AA44617F1D19891000900F9D /* main.m in Sources */,
			);
			runOnlyForDeploymentPostprocessing = 0;
		};
/* End PBXSourcesBuildPhase section */

/* Begin PBXVariantGroup section */
		AA44618B1D19891000900F9D /* LaunchScreen.storyboard */ = {
			isa = PBXVariantGroup;
			children = (
				AA44618C1D19891000900F9D /* Base */,
			);
			name = LaunchScreen.storyboard;
			sourceTree = "<group>";
		};
/* End PBXVariantGroup section */

/* Begin XCBuildConfiguration section */
		AA44618F1D19891000900F9D /* Debug */ = {
			isa = XCBuildConfiguration;
			buildSettings = {
				ALWAYS_SEARCH_USER_PATHS = NO;
				CLANG_ANALYZER_NONNULL = YES;
				CLANG_CXX_LANGUAGE_STANDARD = "gnu++0x";
				CLANG_CXX_LIBRARY = "libc++";
				CLANG_ENABLE_MODULES = YES;
				CLANG_ENABLE_OBJC_ARC = YES;
				CLANG_WARN_BOOL_CONVERSION = YES;
				CLANG_WARN_CONSTANT_CONVERSION = YES;
				CLANG_WARN_DIRECT_OBJC_ISA_USAGE = YES_ERROR;
				CLANG_WARN_EMPTY_BODY = YES;
				CLANG_WARN_ENUM_CONVERSION = YES;
				CLANG_WARN_INT_CONVERSION = YES;
				CLANG_WARN_OBJC_ROOT_CLASS = YES_ERROR;
				CLANG_WARN_UNREACHABLE_CODE = YES;
				CLANG_WARN__DUPLICATE_METHOD_MATCH = YES;
				"CODE_SIGN_IDENTITY[sdk=iphoneos*]" = "iPhone Developer";
				COPY_PHASE_STRIP = NO;
				DEBUG_INFORMATION_FORMAT = dwarf;
				ENABLE_STRICT_OBJC_MSGSEND = YES;
				ENABLE_TESTABILITY = YES;
				GCC_C_LANGUAGE_STANDARD = gnu99;
				GCC_DYNAMIC_NO_PIC = NO;
				GCC_NO_COMMON_BLOCKS = YES;
				GCC_OPTIMIZATION_LEVEL = 0;
				GCC_PREPROCESSOR_DEFINITIONS = (
					"DEBUG=1",
					"$(inherited)",
				);
				GCC_WARN_64_TO_32_BIT_CONVERSION = YES;
				GCC_WARN_ABOUT_RETURN_TYPE = YES_ERROR;
				GCC_WARN_UNDECLARED_SELECTOR = YES;
				GCC_WARN_UNINITIALIZED_AUTOS = YES_AGGRESSIVE;
				GCC_WARN_UNUSED_FUNCTION = YES;
				GCC_WARN_UNUSED_VARIABLE = YES;
				IPHONEOS_DEPLOYMENT_TARGET = 9.3;
				MTL_ENABLE_DEBUG_INFO = YES;
				ONLY_ACTIVE_ARCH = YES;
				SDKROOT = iphoneos;
				TARGETED_DEVICE_FAMILY = "1,2";
			};
			name = Debug;
		};
		AA4461901D19891000900F9D /* Release */ = {
			isa = XCBuildConfiguration;
			buildSettings = {
				ALWAYS_SEARCH_USER_PATHS = NO;
				CLANG_ANALYZER_NONNULL = YES;
				CLANG_CXX_LANGUAGE_STANDARD = "gnu++0x";
				CLANG_CXX_LIBRARY = "libc++";
				CLANG_ENABLE_MODULES = YES;
				CLANG_ENABLE_OBJC_ARC = YES;
				CLANG_WARN_BOOL_CONVERSION = YES;
				CLANG_WARN_CONSTANT_CONVERSION = YES;
				CLANG_WARN_DIRECT_OBJC_ISA_USAGE = YES_ERROR;
				CLANG_WARN_EMPTY_BODY = YES;
				CLANG_WARN_ENUM_CONVERSION = YES;
				CLANG_WARN_INT_CONVERSION = YES;
				CLANG_WARN_OBJC_ROOT_CLASS = YES_ERROR;
				CLANG_WARN_UNREACHABLE_CODE = YES;
				CLANG_WARN__DUPLICATE_METHOD_MATCH = YES;
				"CODE_SIGN_IDENTITY[sdk=iphoneos*]" = "iPhone Developer";
				COPY_PHASE_STRIP = NO;
				DEBUG_INFORMATION_FORMAT = "dwarf-with-dsym";
				ENABLE_NS_ASSERTIONS = NO;
				ENABLE_STRICT_OBJC_MSGSEND = YES;
				GCC_C_LANGUAGE_STANDARD = gnu99;
				GCC_NO_COMMON_BLOCKS = YES;
				GCC_WARN_64_TO_32_BIT_CONVERSION = YES;
				GCC_WARN_ABOUT_RETURN_TYPE = YES_ERROR;
				GCC_WARN_UNDECLARED_SELECTOR = YES;
				GCC_WARN_UNINITIALIZED_AUTOS = YES_AGGRESSIVE;
				GCC_WARN_UNUSED_FUNCTION = YES;
				GCC_WARN_UNUSED_VARIABLE = YES;
				IPHONEOS_DEPLOYMENT_TARGET = 9.3;
				MTL_ENABLE_DEBUG_INFO = NO;
				SDKROOT = iphoneos;
				TARGETED_DEVICE_FAMILY = "1,2";
				VALIDATE_PRODUCT = YES;
			};
			name = Release;
		};
		AA4461921D19891000900F9D /* Debug */ = {
			isa = XCBuildConfiguration;
			buildSettings = {
				ASSETCATALOG_COMPILER_APPICON_NAME = AppIcon;
				INFOPLIST_FILE = WebViewProject/Info.plist;
				LD_RUNPATH_SEARCH_PATHS = "$(inherited) @executable_path/Frameworks";
				PRODUCT_BUNDLE_IDENTIFIER = TurnToTech.WebViewProject;
				PRODUCT_NAME = "$(TARGET_NAME)";
			};
			name = Debug;
		};
		AA4461931D19891000900F9D /* Release */ = {
			isa = XCBuildConfiguration;
			buildSettings = {
				ASSETCATALOG_COMPILER_APPICON_NAME = AppIcon;
				INFOPLIST_FILE = WebViewProject/Info.plist;
				LD_RUNPATH_SEARCH_PATHS = "$(inherited) @executable_path/Frameworks";
				PRODUCT_BUNDLE_IDENTIFIER = TurnToTech.WebViewProject;
				PRODUCT_NAME = "$(TARGET_NAME)";
			};
			name = Release;
		};
/* End XCBuildConfiguration section */

/* Begin XCConfigurationList section */
		AA4461751D19891000900F9D /* Build configuration list for PBXProject "WebViewProject" */ = {
			isa = XCConfigurationList;
			buildConfigurations = (
				AA44618F1D19891000900F9D /* Debug */,
				AA4461901D19891000900F9D /* Release */,
			);
			defaultConfigurationIsVisible = 0;
			defaultConfigurationName = Release;
		};
		AA4461911D19891000900F9D /* Build configuration list for PBXNativeTarget "WebViewProject" */ = {
			isa = XCConfigurationList;
			buildConfigurations = (
				AA4461921D19891000900F9D /* Debug */,
				AA4461931D19891000900F9D /* Release */,
			);
			defaultConfigurationIsVisible = 0;
		};
/* End XCConfigurationList section */
	};
	rootObject = AA4461721D19891000900F9D /* Project object */;
}
